
Microsoft Visual Studio Solution File, Format Version 12.00
# Visual Studio Version 17
VisualStudioVersion = 17.4.33213.308
MinimumVisualStudioVersion = 10.0.40219.1
Project("{FAE04EC0-301F-11D3-BF4B-00C04F79EFBC}") = "gh2 vjltkb", "gh2 vjltkb\gh2 vjltkb.csproj", "{D3FA2AE9-865B-485D-9B73-4B53A1A29384}"
EndProject
Global
	GlobalSection(SolutionConfigurationPlatforms) = preSolution
		Debug|Any CPU = Debug|Any CPU
		Release|Any CPU = Release|Any CPU
	EndGlobalSection
	GlobalSection(ProjectConfigurationPlatforms) = postSolution
		{D3FA2AE9-865B-485D-9B73-4B53A1A29384}.Debug|Any CPU.ActiveCfg = Debug|Any CPU
		{D3FA2AE9-865B-485D-9B73-4B53A1A29384}.Debug|Any CPU.Build.0 = Debug|Any CPU
		{D3FA2AE9-865B-485D-9B73-4B53A1A29384}.Release|Any CPU.ActiveCfg = Release|Any CPU
		{D3FA2AE9-865B-485D-9B73-4B53A1A29384}.Release|Any CPU.Build.0 = Release|Any CPU
	EndGlobalSection
	GlobalSection(SolutionProperties) = preSolution
		HideSolutionNode = FALSE
	EndGlobalSection
	GlobalSection(ExtensibilityGlobals) = postSolution
		SolutionGuid = {6A17B338-5C50-4F5F-AB22-EF45194A2F22}
	EndGlobalSection
EndGlobal
